{
  "name": "core",
  "lockfileVersion": 3,
  "requires": true,
  "packages": {
    "node_modules/@typescript/native-preview": {
      "version": "7.0.0-dev.20260420.1",
      "resolved": "https://registry.npmjs.org/@typescript/native-preview/-/native-preview-7.0.0-dev.20260420.1.tgz",
      "integrity": "sha512-XYMYZ1OAvO1OWJMntCGW5yoJvJjdrsgmNJxXEPO3Za2kFmQ69TdHOAzg9adurMgAXNpaDWtf28bfEveMRnvpZA==",
      "dev": true,
      "license": "Apache-2.0",
      "bin": {
        "tsgo": "bin/tsgo.js"
      },
      "optionalDependencies": {
        "@typescript/native-preview-darwin-arm64": "7.0.0-dev.20260420.1",
        "@typescript/native-preview-darwin-x64": "7.0.0-dev.20260420.1",
        "@typescript/native-preview-linux-arm": "7.0.0-dev.20260420.1",
        "@typescript/native-preview-linux-arm64": "7.0.0-dev.20260420.1",
        "@typescript/native-preview-linux-x64": "7.0.0-dev.20260420.1",
        "@typescript/native-preview-win32-arm64": "7.0.0-dev.20260420.1",
        "@typescript/native-preview-win32-x64": "7.0.0-dev.20260420.1"
      }
    },
    "node_modules/@typescript/native-preview-darwin-arm64": {
      "version": "7.0.0-dev.20260420.1",
      "resolved": "https://registry.npmjs.org/@typescript/native-preview-darwin-arm64/-/native-preview-darwin-arm64-7.0.0-dev.20260420.1.tgz",
      "integrity": "sha512-WMVphWuSmPuDzdutP2OM7ZhvlgdrBQ6ufQia+cJz6jqLd2MjPaYlS+/ACEcTgf6+PsTXygUOUvcqv9j5s7QC8w==",
      "cpu": [
        "arm64"
      ],
      "dev": true,
      "license": "Apache-2.0",
      "optional": true,
      "os": [
        "darwin"
      ]
    },
    "node_modules/svelte-check-native": {
      "version": "0.3.7",
      "resolved": "https://registry.npmjs.org/svelte-check-native/-/svelte-check-native-0.3.7.tgz",
      "integrity": "sha512-LIykN0K/z1AJid4732ZxBK/b6sfko8n1zX1BrgxnUtVxMFOkHPROoO5roH1wbkuqnSIfXBjKeGBj1YvhTIy9SA==",
      "dev": true,
      "license": "MIT",
      "bin": {
        "svelte-check-native": "bin/svelte-check-native.js"
      },
      "engines": {
        "node": ">=18"
      },
      "optionalDependencies": {
        "svelte-check-native-darwin-arm64": "0.3.7",
        "svelte-check-native-darwin-x64": "0.3.7",
        "svelte-check-native-linux-arm64": "0.3.7",
        "svelte-check-native-linux-x64": "0.3.7",
        "svelte-check-native-win32-x64": "0.3.7"
      },
      "peerDependencies": {
        "@typescript/native-preview": ">=7.0.0-dev.0"
      },
      "peerDependenciesMeta": {
        "@typescript/native-preview": {
          "optional": false
        }
      }
    },
    "node_modules/svelte-check-native-darwin-arm64": {
      "version": "0.3.7",
      "resolved": "https://registry.npmjs.org/svelte-check-native-darwin-arm64/-/svelte-check-native-darwin-arm64-0.3.7.tgz",
      "integrity": "sha512-l4jy4YPeHSUGA8P/CP3L7oztwrJw68B6KiBi/vXN1H1jLRRlvjbyMgaN2VWx1B4f0tLzkgxs+FrQO33VFJcvIQ==",
      "cpu": [
        "arm64"
      ],
      "dev": true,
      "license": "MIT",
      "optional": true,
      "os": [
        "darwin"
      ],
      "engines": {
        "node": ">=18"
      }
    }
  }
}
